// !$*UTF8*$!
{
	archiveVersion = 1;
	classes = {
	};
	objectVersion = 55;
	objects = {

/* Begin PBXBuildFile section */
		4727D83327B4A64B00809D1E /* UI_456App.swift in Sources */ = {isa = PBXBuildFile; fileRef = 4727D83227B4A64B00809D1E /* UI_456App.swift */; };
		4727D83527B4A64B00809D1E /* ContentView.swift in Sources */ = {isa = PBXBuildFile; fileRef = 4727D83427B4A64B00809D1E /* ContentView.swift */; };
		4727D83727B4A64C00809D1E /* Assets.xcassets in Resources */ = {isa = PBXBuildFile; fileRef = 4727D83627B4A64C00809D1E /* Assets.xcassets */; };
		4727D83A27B4A64C00809D1E /* Preview Assets.xcassets in Resources */ = {isa = PBXBuildFile; fileRef = 4727D83927B4A64C00809D1E /* Preview Assets.xcassets */; };
		4727D84427B4A64C00809D1E /* UI_456Tests.swift in Sources */ = {isa = PBXBuildFile; fileRef = 4727D84327B4A64C00809D1E /* UI_456Tests.swift */; };
		4727D84E27B4A64C00809D1E /* UI_456UITests.swift in Sources */ = {isa = PBXBuildFile; fileRef = 4727D84D27B4A64C00809D1E /* UI_456UITests.swift */; };
		4727D85027B4A64C00809D1E /* UI_456UITestsLaunchTests.swift in Sources */ = {isa = PBXBuildFile; fileRef = 4727D84F27B4A64C00809D1E /* UI_456UITestsLaunchTests.swift */; };
		4727D85F27B4A7D800809D1E /* BoadingScreen.swift in Sources */ = {isa = PBXBuildFile; fileRef = 4727D85E27B4A7D800809D1E /* BoadingScreen.swift */; };
		4727D86227B4A7E600809D1E /* OffsetPageTabView.swift in Sources */ = {isa = PBXBuildFile; fileRef = 4727D86027B4A7E600809D1E /* OffsetPageTabView.swift */; };
		4727D86327B4A7E600809D1E /* onBoading.swift in Sources */ = {isa = PBXBuildFile; fileRef = 4727D86127B4A7E600809D1E /* onBoading.swift */; };
		4727D86627B4A80300809D1E /* Extencions.swift in Sources */ = {isa = PBXBuildFile; fileRef = 4727D86527B4A80300809D1E /* Extencions.swift */; };
/* End PBXBuildFile section */

/* Begin PBXContainerItemProxy section */
		4727D84027B4A64C00809D1E /* PBXContainerItemProxy */ = {
			isa = PBXContainerItemProxy;
			containerPortal = 4727D82727B4A64B00809D1E /* Project object */;
			proxyType = 1;
			remoteGlobalIDString = 4727D82E27B4A64B00809D1E;
			remoteInfo = "UI-456";
		};
		4727D84A27B4A64C00809D1E /* PBXContainerItemProxy */ = {
			isa = PBXContainerItemProxy;
			containerPortal = 4727D82727B4A64B00809D1E /* Project object */;
			proxyType = 1;
			remoteGlobalIDString = 4727D82E27B4A64B00809D1E;
			remoteInfo = "UI-456";
		};
/* End PBXContainerItemProxy section */

/* Begin PBXFileReference section */
		4727D82F27B4A64B00809D1E /* UI-456.app */ = {isa = PBXFileReference; explicitFileType = wrapper.application; includeInIndex = 0; path = "UI-456.app"; sourceTree = BUILT_PRODUCTS_DIR; };
		4727D83227B4A64B00809D1E /* UI_456App.swift */ = {isa = PBXFileReference; lastKnownFileType = sourcecode.swift; path = UI_456App.swift; sourceTree = "<group>"; };
		4727D83427B4A64B00809D1E /* ContentView.swift */ = {isa = PBXFileReference; lastKnownFileType = sourcecode.swift; path = ContentView.swift; sourceTree = "<group>"; };
		4727D83627B4A64C00809D1E /* Assets.xcassets */ = {isa = PBXFileReference; lastKnownFileType = folder.assetcatalog; path = Assets.xcassets; sourceTree = "<group>"; };
		4727D83927B4A64C00809D1E /* Preview Assets.xcassets */ = {isa = PBXFileReference; lastKnownFileType = folder.assetcatalog; path = "Preview Assets.xcassets"; sourceTree = "<group>"; };
		4727D83F27B4A64C00809D1E /* UI-456Tests.xctest */ = {isa = PBXFileReference; explicitFileType = wrapper.cfbundle; includeInIndex = 0; path = "UI-456Tests.xctest"; sourceTree = BUILT_PRODUCTS_DIR; };
		4727D84327B4A64C00809D1E /* UI_456Tests.swift */ = {isa = PBXFileReference; lastKnownFileType = sourcecode.swift; path = UI_456Tests.swift; sourceTree = "<group>"; };
		4727D84927B4A64C00809D1E /* UI-456UITests.xctest */ = {isa = PBXFileReference; explicitFileType = wrapper.cfbundle; includeInIndex = 0; path = "UI-456UITests.xctest"; sourceTree = BUILT_PRODUCTS_DIR; };
		4727D84D27B4A64C00809D1E /* UI_456UITests.swift */ = {isa = PBXFileReference; lastKnownFileType = sourcecode.swift; path = UI_456UITests.swift; sourceTree = "<group>"; };
		4727D84F27B4A64C00809D1E /* UI_456UITestsLaunchTests.swift */ = {isa = PBXFileReference; lastKnownFileType = sourcecode.swift; path = UI_456UITestsLaunchTests.swift; sourceTree = "<group>"; };
		4727D85E27B4A7D800809D1E /* BoadingScreen.swift */ = {isa = PBXFileReference; fileEncoding = 4; lastKnownFileType = sourcecode.swift; path = BoadingScreen.swift; sourceTree = "<group>"; };
		4727D86027B4A7E600809D1E /* OffsetPageTabView.swift */ = {isa = PBXFileReference; fileEncoding = 4; lastKnownFileType = sourcecode.swift; path = OffsetPageTabView.swift; sourceTree = "<group>"; };
		4727D86127B4A7E600809D1E /* onBoading.swift */ = {isa = PBXFileReference; fileEncoding = 4; lastKnownFileType = sourcecode.swift; path = onBoading.swift; sourceTree = "<group>"; };
		4727D86527B4A80300809D1E /* Extencions.swift */ = {isa = PBXFileReference; lastKnownFileType = sourcecode.swift; path = Extencions.swift; sourceTree = "<group>"; };
/* End PBXFileReference section */

/* Begin PBXFrameworksBuildPhase section */
		4727D82C27B4A64B00809D1E /* Frameworks */ = {
			isa = PBXFrameworksBuildPhase;
			buildActionMask = 2147483647;
			files = (
			);
			runOnlyForDeploymentPostprocessing = 0;
		};
		4727D83C27B4A64C00809D1E /* Frameworks */ = {
			isa = PBXFrameworksBuildPhase;
			buildActionMask = 2147483647;
			files = (
			);
			runOnlyForDeploymentPostprocessing = 0;
		};
		4727D84627B4A64C00809D1E /* Frameworks */ = {
			isa = PBXFrameworksBuildPhase;
			buildActionMask = 2147483647;
			files = (
			);
			runOnlyForDeploymentPostprocessing = 0;
		};
/* End PBXFrameworksBuildPhase section */

/* Begin PBXGroup section */
		4727D82627B4A64B00809D1E = {
			isa = PBXGroup;
			children = (
				4727D83127B4A64B00809D1E /* UI-456 */,
				4727D84227B4A64C00809D1E /* UI-456Tests */,
				4727D84C27B4A64C00809D1E /* UI-456UITests */,
				4727D83027B4A64B00809D1E /* Products */,
			);
			sourceTree = "<group>";
		};
		4727D83027B4A64B00809D1E /* Products */ = {
			isa = PBXGroup;
			children = (
				4727D82F27B4A64B00809D1E /* UI-456.app */,
				4727D83F27B4A64C00809D1E /* UI-456Tests.xctest */,
				4727D84927B4A64C00809D1E /* UI-456UITests.xctest */,
			);
			name = Products;
			sourceTree = "<group>";
		};
		4727D83127B4A64B00809D1E /* UI-456 */ = {
			isa = PBXGroup;
			children = (
				4727D86427B4A7F000809D1E /* Helper */,
				4727D85D27B4A7CB00809D1E /* View */,
				4727D85C27B4A7C600809D1E /* Model */,
				4727D83227B4A64B00809D1E /* UI_456App.swift */,
				4727D83427B4A64B00809D1E /* ContentView.swift */,
				4727D83627B4A64C00809D1E /* Assets.xcassets */,
				4727D83827B4A64C00809D1E /* Preview Content */,
			);
			path = "UI-456";
			sourceTree = "<group>";
		};
		4727D83827B4A64C00809D1E /* Preview Content */ = {
			isa = PBXGroup;
			children = (
				4727D83927B4A64C00809D1E /* Preview Assets.xcassets */,
			);
			path = "Preview Content";
			sourceTree = "<group>";
		};
		4727D84227B4A64C00809D1E /* UI-456Tests */ = {
			isa = PBXGroup;
			children = (
				4727D84327B4A64C00809D1E /* UI_456Tests.swift */,
			);
			path = "UI-456Tests";
			sourceTree = "<group>";
		};
		4727D84C27B4A64C00809D1E /* UI-456UITests */ = {
			isa = PBXGroup;
			children = (
				4727D84D27B4A64C00809D1E /* UI_456UITests.swift */,
				4727D84F27B4A64C00809D1E /* UI_456UITestsLaunchTests.swift */,
			);
			path = "UI-456UITests";
			sourceTree = "<group>";
		};
		4727D85C27B4A7C600809D1E /* Model */ = {
			isa = PBXGroup;
			children = (
				4727D85E27B4A7D800809D1E /* BoadingScreen.swift */,
			);
			path = Model;
			sourceTree = "<group>";
		};
		4727D85D27B4A7CB00809D1E /* View */ = {
			isa = PBXGroup;
			children = (
				4727D86027B4A7E600809D1E /* OffsetPageTabView.swift */,
				4727D86127B4A7E600809D1E /* onBoading.swift */,
			);
			path = View;
			sourceTree = "<group>";
		};
		4727D86427B4A7F000809D1E /* Helper */ = {
			isa = PBXGroup;
			children = (
				4727D86527B4A80300809D1E /* Extencions.swift */,
			);
			path = Helper;
			sourceTree = "<group>";
		};
/* End PBXGroup section */

/* Begin PBXNativeTarget section */
		4727D82E27B4A64B00809D1E /* UI-456 */ = {
			isa = PBXNativeTarget;
			buildConfigurationList = 4727D85327B4A64C00809D1E /* Build configuration list for PBXNativeTarget "UI-456" */;
			buildPhases = (
				4727D82B27B4A64B00809D1E /* Sources */,
				4727D82C27B4A64B00809D1E /* Frameworks */,
				4727D82D27B4A64B00809D1E /* Resources */,
			);
			buildRules = (
			);
			dependencies = (
			);
			name = "UI-456";
			productName = "UI-456";
			productReference = 4727D82F27B4A64B00809D1E /* UI-456.app */;
			productType = "com.apple.product-type.application";
		};
		4727D83E27B4A64C00809D1E /* UI-456Tests */ = {
			isa = PBXNativeTarget;
			buildConfigurationList = 4727D85627B4A64C00809D1E /* Build configuration list for PBXNativeTarget "UI-456Tests" */;
			buildPhases = (
				4727D83B27B4A64C00809D1E /* Sources */,
				4727D83C27B4A64C00809D1E /* Frameworks */,
				4727D83D27B4A64C00809D1E /* Resources */,
			);
			buildRules = (
			);
			dependencies = (
				4727D84127B4A64C00809D1E /* PBXTargetDependency */,
			);
			name = "UI-456Tests";
			productName = "UI-456Tests";
			productReference = 4727D83F27B4A64C00809D1E /* UI-456Tests.xctest */;
			productType = "com.apple.product-type.bundle.unit-test";
		};
		4727D84827B4A64C00809D1E /* UI-456UITests */ = {
			isa = PBXNativeTarget;
			buildConfigurationList = 4727D85927B4A64C00809D1E /* Build configuration list for PBXNativeTarget "UI-456UITests" */;
			buildPhases = (
				4727D84527B4A64C00809D1E /* Sources */,
				4727D84627B4A64C00809D1E /* Frameworks */,
				4727D84727B4A64C00809D1E /* Resources */,
			);
			buildRules = (
			);
			dependencies = (
				4727D84B27B4A64C00809D1E /* PBXTargetDependency */,
			);
			name = "UI-456UITests";
			productName = "UI-456UITests";
			productReference = 4727D84927B4A64C00809D1E /* UI-456UITests.xctest */;
			productType = "com.apple.product-type.bundle.ui-testing";
		};
/* End PBXNativeTarget section */

/* Begin PBXProject section */
		4727D82727B4A64B00809D1E /* Project object */ = {
			isa = PBXProject;
			attributes = {
				BuildIndependentTargetsInParallel = 1;
				LastSwiftUpdateCheck = 1320;
				LastUpgradeCheck = 1320;
				TargetAttributes = {
					4727D82E27B4A64B00809D1E = {
						CreatedOnToolsVersion = 13.2.1;
					};
					4727D83E27B4A64C00809D1E = {
						CreatedOnToolsVersion = 13.2.1;
						TestTargetID = 4727D82E27B4A64B00809D1E;
					};
					4727D84827B4A64C00809D1E = {
						CreatedOnToolsVersion = 13.2.1;
						TestTargetID = 4727D82E27B4A64B00809D1E;
					};
				};
			};
			buildConfigurationList = 4727D82A27B4A64B00809D1E /* Build configuration list for PBXProject "UI-456" */;
			compatibilityVersion = "Xcode 13.0";
			developmentRegion = en;
			hasScannedForEncodings = 0;
			knownRegions = (
				en,
				Base,
			);
			mainGroup = 4727D82627B4A64B00809D1E;
			productRefGroup = 4727D83027B4A64B00809D1E /* Products */;
			projectDirPath = "";
			projectRoot = "";
			targets = (
				4727D82E27B4A64B00809D1E /* UI-456 */,
				4727D83E27B4A64C00809D1E /* UI-456Tests */,
				4727D84827B4A64C00809D1E /* UI-456UITests */,
			);
		};
/* End PBXProject section */

/* Begin PBXResourcesBuildPhase section */
		4727D82D27B4A64B00809D1E /* Resources */ = {
			isa = PBXResourcesBuildPhase;
			buildActionMask = 2147483647;
			files = (
				4727D83A27B4A64C00809D1E /* Preview Assets.xcassets in Resources */,
				4727D83727B4A64C00809D1E /* Assets.xcassets in Resources */,
			);
			runOnlyForDeploymentPostprocessing = 0;
		};
		4727D83D27B4A64C00809D1E /* Resources */ = {
			isa = PBXResourcesBuildPhase;
			buildActionMask = 2147483647;
			files = (
			);
			runOnlyForDeploymentPostprocessing = 0;
		};
		4727D84727B4A64C00809D1E /* Resources */ = {
			isa = PBXResourcesBuildPhase;
			buildActionMask = 2147483647;
			files = (
			);
			runOnlyForDeploymentPostprocessing = 0;
		};
/* End PBXResourcesBuildPhase section */

/* Begin PBXSourcesBuildPhase section */
		4727D82B27B4A64B00809D1E /* Sources */ = {
			isa = PBXSourcesBuildPhase;
			buildActionMask = 2147483647;
			files = (
				4727D86227B4A7E600809D1E /* OffsetPageTabView.swift in Sources */,
				4727D86627B4A80300809D1E /* Extencions.swift in Sources */,
				4727D86327B4A7E600809D1E /* onBoading.swift in Sources */,
				4727D85F27B4A7D800809D1E /* BoadingScreen.swift in Sources */,
				4727D83527B4A64B00809D1E /* ContentView.swift in Sources */,
				4727D83327B4A64B00809D1E /* UI_456App.swift in Sources */,
			);
			runOnlyForDeploymentPostprocessing = 0;
		};
		4727D83B27B4A64C00809D1E /* Sources */ = {
			isa = PBXSourcesBuildPhase;
			buildActionMask = 2147483647;
			files = (
				4727D84427B4A64C00809D1E /* UI_456Tests.swift in Sources */,
			);
			runOnlyForDeploymentPostprocessing = 0;
		};
		4727D84527B4A64C00809D1E /* Sources */ = {
			isa = PBXSourcesBuildPhase;
			buildActionMask = 2147483647;
			files = (
				4727D85027B4A64C00809D1E /* UI_456UITestsLaunchTests.swift in Sources */,
				4727D84E27B4A64C00809D1E /* UI_456UITests.swift in Sources */,
			);
			runOnlyForDeploymentPostprocessing = 0;
		};
/* End PBXSourcesBuildPhase section */

/* Begin PBXTargetDependency section */
		4727D84127B4A64C00809D1E /* PBXTargetDependency */ = {
			isa = PBXTargetDependency;
			target = 4727D82E27B4A64B00809D1E /* UI-456 */;
			targetProxy = 4727D84027B4A64C00809D1E /* PBXContainerItemProxy */;
		};
		4727D84B27B4A64C00809D1E /* PBXTargetDependency */ = {
			isa = PBXTargetDependency;
			target = 4727D82E27B4A64B00809D1E /* UI-456 */;
			targetProxy = 4727D84A27B4A64C00809D1E /* PBXContainerItemProxy */;
		};
/* End PBXTargetDependency section */

/* Begin XCBuildConfiguration section */
		4727D85127B4A64C00809D1E /* Debug */ = {
			isa = XCBuildConfiguration;
			buildSettings = {
				ALWAYS_SEARCH_USER_PATHS = NO;
				CLANG_ANALYZER_NONNULL = YES;
				CLANG_ANALYZER_NUMBER_OBJECT_CONVERSION = YES_AGGRESSIVE;
				CLANG_CXX_LANGUAGE_STANDARD = "gnu++17";
				CLANG_CXX_LIBRARY = "libc++";
				CLANG_ENABLE_MODULES = YES;
				CLANG_ENABLE_OBJC_ARC = YES;
				CLANG_ENABLE_OBJC_WEAK = YES;
				CLANG_WARN_BLOCK_CAPTURE_AUTORELEASING = YES;
				CLANG_WARN_BOOL_CONVERSION = YES;
				CLANG_WARN_COMMA = YES;
				CLANG_WARN_CONSTANT_CONVERSION = YES;
				CLANG_WARN_DEPRECATED_OBJC_IMPLEMENTATIONS = YES;
				CLANG_WARN_DIRECT_OBJC_ISA_USAGE = YES_ERROR;
				CLANG_WARN_DOCUMENTATION_COMMENTS = YES;
				CLANG_WARN_EMPTY_BODY = YES;
				CLANG_WARN_ENUM_CONVERSION = YES;
				CLANG_WARN_INFINITE_RECURSION = YES;
				CLANG_WARN_INT_CONVERSION = YES;
				CLANG_WARN_NON_LITERAL_NULL_CONVERSION = YES;
				CLANG_WARN_OBJC_IMPLICIT_RETAIN_SELF = YES;
				CLANG_WARN_OBJC_LITERAL_CONVERSION = YES;
				CLANG_WARN_OBJC_ROOT_CLASS = YES_ERROR;
				CLANG_WARN_QUOTED_INCLUDE_IN_FRAMEWORK_HEADER = YES;
				CLANG_WARN_RANGE_LOOP_ANALYSIS = YES;
				CLANG_WARN_STRICT_PROTOTYPES = YES;
				CLANG_WARN_SUSPICIOUS_MOVE = YES;
				CLANG_WARN_UNGUARDED_AVAILABILITY = YES_AGGRESSIVE;
				CLANG_WARN_UNREACHABLE_CODE = YES;
				CLANG_WARN__DUPLICATE_METHOD_MATCH = YES;
				COPY_PHASE_STRIP = NO;
				DEBUG_INFORMATION_FORMAT = dwarf;
				ENABLE_STRICT_OBJC_MSGSEND = YES;
				ENABLE_TESTABILITY = YES;
				GCC_C_LANGUAGE_STANDARD = gnu11;
				GCC_DYNAMIC_NO_PIC = NO;
				GCC_NO_COMMON_BLOCKS = YES;
				GCC_OPTIMIZATION_LEVEL = 0;
				GCC_PREPROCESSOR_DEFINITIONS = (
					"DEBUG=1",
					"$(inherited)",
				);
				GCC_WARN_64_TO_32_BIT_CONVERSION = YES;
				GCC_WARN_ABOUT_RETURN_TYPE = YES_ERROR;
				GCC_WARN_UNDECLARED_SELECTOR = YES;
				GCC_WARN_UNINITIALIZED_AUTOS = YES_AGGRESSIVE;
				GCC_WARN_UNUSED_FUNCTION = YES;
				GCC_WARN_UNUSED_VARIABLE = YES;
				IPHONEOS_DEPLOYMENT_TARGET = 15.2;
				MTL_ENABLE_DEBUG_INFO = INCLUDE_SOURCE;
				MTL_FAST_MATH = YES;
				ONLY_ACTIVE_ARCH = YES;
				SDKROOT = iphoneos;
				SWIFT_ACTIVE_COMPILATION_CONDITIONS = DEBUG;
				SWIFT_OPTIMIZATION_LEVEL = "-Onone";
			};
			name = Debug;
		};
		4727D85227B4A64C00809D1E /* Release */ = {
			isa = XCBuildConfiguration;
			buildSettings = {
				ALWAYS_SEARCH_USER_PATHS = NO;
				CLANG_ANALYZER_NONNULL = YES;
				CLANG_ANALYZER_NUMBER_OBJECT_CONVERSION = YES_AGGRESSIVE;
				CLANG_CXX_LANGUAGE_STANDARD = "gnu++17";
				CLANG_CXX_LIBRARY = "libc++";
				CLANG_ENABLE_MODULES = YES;
				CLANG_ENABLE_OBJC_ARC = YES;
				CLANG_ENABLE_OBJC_WEAK = YES;
				CLANG_WARN_BLOCK_CAPTURE_AUTORELEASING = YES;
				CLANG_WARN_BOOL_CONVERSION = YES;
				CLANG_WARN_COMMA = YES;
				CLANG_WARN_CONSTANT_CONVERSION = YES;
				CLANG_WARN_DEPRECATED_OBJC_IMPLEMENTATIONS = YES;
				CLANG_WARN_DIRECT_OBJC_ISA_USAGE = YES_ERROR;
				CLANG_WARN_DOCUMENTATION_COMMENTS = YES;
				CLANG_WARN_EMPTY_BODY = YES;
				CLANG_WARN_ENUM_CONVERSION = YES;
				CLANG_WARN_INFINITE_RECURSION = YES;
				CLANG_WARN_INT_CONVERSION = YES;
				CLANG_WARN_NON_LITERAL_NULL_CONVERSION = YES;
				CLANG_WARN_OBJC_IMPLICIT_RETAIN_SELF = YES;
				CLANG_WARN_OBJC_LITERAL_CONVERSION = YES;
				CLANG_WARN_OBJC_ROOT_CLASS = YES_ERROR;
				CLANG_WARN_QUOTED_INCLUDE_IN_FRAMEWORK_HEADER = YES;
				CLANG_WARN_RANGE_LOOP_ANALYSIS = YES;
				CLANG_WARN_STRICT_PROTOTYPES = YES;
				CLANG_WARN_SUSPICIOUS_MOVE = YES;
				CLANG_WARN_UNGUARDED_AVAILABILITY = YES_AGGRESSIVE;
				CLANG_WARN_UNREACHABLE_CODE = YES;
				CLANG_WARN__DUPLICATE_METHOD_MATCH = YES;
				COPY_PHASE_STRIP = NO;
				DEBUG_INFORMATION_FORMAT = "dwarf-with-dsym";
				ENABLE_NS_ASSERTIONS = NO;
				ENABLE_STRICT_OBJC_MSGSEND = YES;
				GCC_C_LANGUAGE_STANDARD = gnu11;
				GCC_NO_COMMON_BLOCKS = YES;
				GCC_WARN_64_TO_32_BIT_CONVERSION = YES;
				GCC_WARN_ABOUT_RETURN_TYPE = YES_ERROR;
				GCC_WARN_UNDECLARED_SELECTOR = YES;
				GCC_WARN_UNINITIALIZED_AUTOS = YES_AGGRESSIVE;
				GCC_WARN_UNUSED_FUNCTION = YES;
				GCC_WARN_UNUSED_VARIABLE = YES;
				IPHONEOS_DEPLOYMENT_TARGET = 15.2;
				MTL_ENABLE_DEBUG_INFO = NO;
				MTL_FAST_MATH = YES;
				SDKROOT = iphoneos;
				SWIFT_COMPILATION_MODE = wholemodule;
				SWIFT_OPTIMIZATION_LEVEL = "-O";
				VALIDATE_PRODUCT = YES;
			};
			name = Release;
		};
		4727D85427B4A64C00809D1E /* Debug */ = {
			isa = XCBuildConfiguration;
			buildSettings = {
				ASSETCATALOG_COMPILER_APPICON_NAME = AppIcon;
				ASSETCATALOG_COMPILER_GLOBAL_ACCENT_COLOR_NAME = AccentColor;
				CODE_SIGN_STYLE = Automatic;
				CURRENT_PROJECT_VERSION = 1;
				DEVELOPMENT_ASSET_PATHS = "\"UI-456/Preview Content\"";
				DEVELOPMENT_TEAM = 8CL4U468K5;
				ENABLE_PREVIEWS = YES;
				GENERATE_INFOPLIST_FILE = YES;
				INFOPLIST_KEY_UIApplicationSceneManifest_Generation = YES;
				INFOPLIST_KEY_UIApplicationSupportsIndirectInputEvents = YES;
				INFOPLIST_KEY_UILaunchScreen_Generation = YES;
				INFOPLIST_KEY_UISupportedInterfaceOrientations_iPad = "UIInterfaceOrientationPortrait UIInterfaceOrientationPortraitUpsideDown UIInterfaceOrientationLandscapeLeft UIInterfaceOrientationLandscapeRight";
				INFOPLIST_KEY_UISupportedInterfaceOrientations_iPhone = "UIInterfaceOrientationPortrait UIInterfaceOrientationLandscapeLeft UIInterfaceOrientationLandscapeRight";
				LD_RUNPATH_SEARCH_PATHS = (
					"$(inherited)",
					"@executable_path/Frameworks",
				);
				MARKETING_VERSION = 1.0;
				PRODUCT_BUNDLE_IDENTIFIER = "com.585.UI-456";
				PRODUCT_NAME = "$(TARGET_NAME)";
				SWIFT_EMIT_LOC_STRINGS = YES;
				SWIFT_VERSION = 5.0;
				TARGETED_DEVICE_FAMILY = "1,2";
			};
			name = Debug;
		};
		4727D85527B4A64C00809D1E /* Release */ = {
			isa = XCBuildConfiguration;
			buildSettings = {
				ASSETCATALOG_COMPILER_APPICON_NAME = AppIcon;
				ASSETCATALOG_COMPILER_GLOBAL_ACCENT_COLOR_NAME = AccentColor;
				CODE_SIGN_STYLE = Automatic;
				CURRENT_PROJECT_VERSION = 1;
				DEVELOPMENT_ASSET_PATHS = "\"UI-456/Preview Content\"";
				DEVELOPMENT_TEAM = 8CL4U468K5;
				ENABLE_PREVIEWS = YES;
				GENERATE_INFOPLIST_FILE = YES;
				INFOPLIST_KEY_UIApplicationSceneManifest_Generation = YES;
				INFOPLIST_KEY_UIApplicationSupportsIndirectInputEvents = YES;
				INFOPLIST_KEY_UILaunchScreen_Generation = YES;
				INFOPLIST_KEY_UISupportedInterfaceOrientations_iPad = "UIInterfaceOrientationPortrait UIInterfaceOrientationPortraitUpsideDown UIInterfaceOrientationLandscapeLeft UIInterfaceOrientationLandscapeRight";
				INFOPLIST_KEY_UISupportedInterfaceOrientations_iPhone = "UIInterfaceOrientationPortrait UIInterfaceOrientationLandscapeLeft UIInterfaceOrientationLandscapeRight";
				LD_RUNPATH_SEARCH_PATHS = (
					"$(inherited)",
					"@executable_path/Frameworks",
				);
				MARKETING_VERSION = 1.0;
				PRODUCT_BUNDLE_IDENTIFIER = "com.585.UI-456";
				PRODUCT_NAME = "$(TARGET_NAME)";
				SWIFT_EMIT_LOC_STRINGS = YES;
				SWIFT_VERSION = 5.0;
				TARGETED_DEVICE_FAMILY = "1,2";
			};
			name = Release;
		};
		4727D85727B4A64C00809D1E /* Debug */ = {
			isa = XCBuildConfiguration;
			buildSettings = {
				ALWAYS_EMBED_SWIFT_STANDARD_LIBRARIES = YES;
				BUNDLE_LOADER = "$(TEST_HOST)";
				CODE_SIGN_STYLE = Automatic;
				CURRENT_PROJECT_VERSION = 1;
				DEVELOPMENT_TEAM = 8CL4U468K5;
				GENERATE_INFOPLIST_FILE = YES;
				IPHONEOS_DEPLOYMENT_TARGET = 15.2;
				MARKETING_VERSION = 1.0;
				PRODUCT_BUNDLE_IDENTIFIER = "com.585.UI-456Tests";
				PRODUCT_NAME = "$(TARGET_NAME)";
				SWIFT_EMIT_LOC_STRINGS = NO;
				SWIFT_VERSION = 5.0;
				TARGETED_DEVICE_FAMILY = "1,2";
				TEST_HOST = "$(BUILT_PRODUCTS_DIR)/UI-456.app/UI-456";
			};
			name = Debug;
		};
		4727D85827B4A64C00809D1E /* Release */ = {
			isa = XCBuildConfiguration;
			buildSettings = {
				ALWAYS_EMBED_SWIFT_STANDARD_LIBRARIES = YES;
				BUNDLE_LOADER = "$(TEST_HOST)";
				CODE_SIGN_STYLE = Automatic;
				CURRENT_PROJECT_VERSION = 1;
				DEVELOPMENT_TEAM = 8CL4U468K5;
				GENERATE_INFOPLIST_FILE = YES;
				IPHONEOS_DEPLOYMENT_TARGET = 15.2;
				MARKETING_VERSION = 1.0;
				PRODUCT_BUNDLE_IDENTIFIER = "com.585.UI-456Tests";
				PRODUCT_NAME = "$(TARGET_NAME)";
				SWIFT_EMIT_LOC_STRINGS = NO;
				SWIFT_VERSION = 5.0;
				TARGETED_DEVICE_FAMILY = "1,2";
				TEST_HOST = "$(BUILT_PRODUCTS_DIR)/UI-456.app/UI-456";
			};
			name = Release;
		};
		4727D85A27B4A64C00809D1E /* Debug */ = {
			isa = XCBuildConfiguration;
			buildSettings = {
				ALWAYS_EMBED_SWIFT_STANDARD_LIBRARIES = YES;
				CODE_SIGN_STYLE = Automatic;
				CURRENT_PROJECT_VERSION = 1;
				DEVELOPMENT_TEAM = 8CL4U468K5;
				GENERATE_INFOPLIST_FILE = YES;
				MARKETING_VERSION = 1.0;
				PRODUCT_BUNDLE_IDENTIFIER = "com.585.UI-456UITests";
				PRODUCT_NAME = "$(TARGET_NAME)";
				SWIFT_EMIT_LOC_STRINGS = NO;
				SWIFT_VERSION = 5.0;
				TARGETED_DEVICE_FAMILY = "1,2";
				TEST_TARGET_NAME = "UI-456";
			};
			name = Debug;
		};
		4727D85B27B4A64C00809D1E /* Release */ = {
			isa = XCBuildConfiguration;
			buildSettings = {
				ALWAYS_EMBED_SWIFT_STANDARD_LIBRARIES = YES;
				CODE_SIGN_STYLE = Automatic;
				CURRENT_PROJECT_VERSION = 1;
				DEVELOPMENT_TEAM = 8CL4U468K5;
				GENERATE_INFOPLIST_FILE = YES;
				MARKETING_VERSION = 1.0;
				PRODUCT_BUNDLE_IDENTIFIER = "com.585.UI-456UITests";
				PRODUCT_NAME = "$(TARGET_NAME)";
				SWIFT_EMIT_LOC_STRINGS = NO;
				SWIFT_VERSION = 5.0;
				TARGETED_DEVICE_FAMILY = "1,2";
				TEST_TARGET_NAME = "UI-456";
			};
			name = Release;
		};
/* End XCBuildConfiguration section */

/* Begin XCConfigurationList section */
		4727D82A27B4A64B00809D1E /* Build configuration list for PBXProject "UI-456" */ = {
			isa = XCConfigurationList;
			buildConfigurations = (
				4727D85127B4A64C00809D1E /* Debug */,
				4727D85227B4A64C00809D1E /* Release */,
			);
			defaultConfigurationIsVisible = 0;
			defaultConfigurationName = Release;
		};
		4727D85327B4A64C00809D1E /* Build configuration list for PBXNativeTarget "UI-456" */ = {
			isa = XCConfigurationList;
			buildConfigurations = (
				4727D85427B4A64C00809D1E /* Debug */,
				4727D85527B4A64C00809D1E /* Release */,
			);
			defaultConfigurationIsVisible = 0;
			defaultConfigurationName = Release;
		};
		4727D85627B4A64C00809D1E /* Build configuration list for PBXNativeTarget "UI-456Tests" */ = {
			isa = XCConfigurationList;
			buildConfigurations = (
				4727D85727B4A64C00809D1E /* Debug */,
				4727D85827B4A64C00809D1E /* Release */,
			);
			defaultConfigurationIsVisible = 0;
			defaultConfigurationName = Release;
		};
		4727D85927B4A64C00809D1E /* Build configuration list for PBXNativeTarget "UI-456UITests" */ = {
			isa = XCConfigurationList;
			buildConfigurations = (
				4727D85A27B4A64C00809D1E /* Debug */,
				4727D85B27B4A64C00809D1E /* Release */,
			);
			defaultConfigurationIsVisible = 0;
			defaultConfigurationName = Release;
		};
/* End XCConfigurationList section */
	};
	rootObject = 4727D82727B4A64B00809D1E /* Project object */;
}
